
Microsoft Visual Studio Solution File, Format Version 12.00
# Visual Studio Version 17
VisualStudioVersion = 17.5.002.0
MinimumVisualStudioVersion = 10.0.40219.1
Project("{9A19103F-16F7-4668-BE54-9A1E7A4F7556}") = "Greetings", "Greetings.csproj", "{0127B4BD-AA0E-493F-A244-410D991F5C3F}"
EndProject
Global
	GlobalSection(SolutionConfigurationPlatforms) = preSolution
		Debug|Any CPU = Debug|Any CPU
		Release|Any CPU = Release|Any CPU
	EndGlobalSection
	GlobalSection(ProjectConfigurationPlatforms) = postSolution
		{0127B4BD-AA0E-493F-A244-410D991F5C3F}.Debug|Any CPU.ActiveCfg = Debug|Any CPU
		{0127B4BD-AA0E-493F-A244-410D991F5C3F}.Debug|Any CPU.Build.0 = Debug|Any CPU
		{0127B4BD-AA0E-493F-A244-410D991F5C3F}.Release|Any CPU.ActiveCfg = Release|Any CPU
		{0127B4BD-AA0E-493F-A244-410D991F5C3F}.Release|Any CPU.Build.0 = Release|Any CPU
	EndGlobalSection
	GlobalSection(SolutionProperties) = preSolution
		HideSolutionNode = FALSE
	EndGlobalSection
	GlobalSection(ExtensibilityGlobals) = postSolution
		SolutionGuid = {27450C31-9180-485D-B1B5-359A52E171B6}
	EndGlobalSection
EndGlobal
